// !$*UTF8*$!
{
	archiveVersion = 1;
	classes = {
	};
	objectVersion = 56;
	objects = {

/* Begin PBXBuildFile section */
		50EE823A85FC7581717FB744 /* Pods_MVVM_C_Demo.framework in Frameworks */ = {isa = PBXBuildFile; fileRef = BD55E46329DEEF67152F49F7 /* Pods_MVVM_C_Demo.framework */; };
		D000FD282AF120C700ACA190 /* AuthCoordinator.swift in Sources */ = {isa = PBXBuildFile; fileRef = D000FD272AF120C700ACA190 /* AuthCoordinator.swift */; };
		D05D34C82AEE614400E53340 /* AppDelegate.swift in Sources */ = {isa = PBXBuildFile; fileRef = D05D34C72AEE614400E53340 /* AppDelegate.swift */; };
		D05D34CC2AEE614400E53340 /* WelcomeViewController.swift in Sources */ = {isa = PBXBuildFile; fileRef = D05D34CB2AEE614400E53340 /* WelcomeViewController.swift */; };
		D05D34D12AEE614500E53340 /* Assets.xcassets in Resources */ = {isa = PBXBuildFile; fileRef = D05D34D02AEE614500E53340 /* Assets.xcassets */; };
		D05D34D42AEE614500E53340 /* LaunchScreen.storyboard in Resources */ = {isa = PBXBuildFile; fileRef = D05D34D22AEE614500E53340 /* LaunchScreen.storyboard */; };
		D0D844B32AEEBF9800D7DB69 /* User.swift in Sources */ = {isa = PBXBuildFile; fileRef = D0D844B22AEEBF9800D7DB69 /* User.swift */; };
		D0D844B52AEEC30700D7DB69 /* Bindable.swift in Sources */ = {isa = PBXBuildFile; fileRef = D0D844B42AEEC30700D7DB69 /* Bindable.swift */; };
		D0D844B82AEEC3B600D7DB69 /* LoginViewModel.swift in Sources */ = {isa = PBXBuildFile; fileRef = D0D844B72AEEC3B600D7DB69 /* LoginViewModel.swift */; };
		D0D844BA2AEEC59D00D7DB69 /* LoginViewController.swift in Sources */ = {isa = PBXBuildFile; fileRef = D0D844B92AEEC59D00D7DB69 /* LoginViewController.swift */; };
		D0D844BD2AEEC63900D7DB69 /* CustomTextField.swift in Sources */ = {isa = PBXBuildFile; fileRef = D0D844BC2AEEC63900D7DB69 /* CustomTextField.swift */; };
		D0D844BF2AEF7A1F00D7DB69 /* MainViewController.swift in Sources */ = {isa = PBXBuildFile; fileRef = D0D844BE2AEF7A1F00D7DB69 /* MainViewController.swift */; };
		D0D844C32AEF7ED200D7DB69 /* Coordinator.swift in Sources */ = {isa = PBXBuildFile; fileRef = D0D844C22AEF7ED200D7DB69 /* Coordinator.swift */; };
		D0D844C52AEF7F9900D7DB69 /* AppCoordinator.swift in Sources */ = {isa = PBXBuildFile; fileRef = D0D844C42AEF7F9900D7DB69 /* AppCoordinator.swift */; };
		D0D844C82AEF860300D7DB69 /* WelcomeViewModel.swift in Sources */ = {isa = PBXBuildFile; fileRef = D0D844C72AEF860300D7DB69 /* WelcomeViewModel.swift */; };
		D0D844CA2AEFA38300D7DB69 /* MainViewModel.swift in Sources */ = {isa = PBXBuildFile; fileRef = D0D844C92AEFA38300D7DB69 /* MainViewModel.swift */; };
/* End PBXBuildFile section */

/* Begin PBXFileReference section */
		13AE32C22B193A073BE76876 /* Pods-MVVM+C Demo.debug.xcconfig */ = {isa = PBXFileReference; includeInIndex = 1; lastKnownFileType = text.xcconfig; name = "Pods-MVVM+C Demo.debug.xcconfig"; path = "Target Support Files/Pods-MVVM+C Demo/Pods-MVVM+C Demo.debug.xcconfig"; sourceTree = "<group>"; };
		731395491FC7388E040E1CF6 /* Pods-MVVM+C Demo.release.xcconfig */ = {isa = PBXFileReference; includeInIndex = 1; lastKnownFileType = text.xcconfig; name = "Pods-MVVM+C Demo.release.xcconfig"; path = "Target Support Files/Pods-MVVM+C Demo/Pods-MVVM+C Demo.release.xcconfig"; sourceTree = "<group>"; };
		BD55E46329DEEF67152F49F7 /* Pods_MVVM_C_Demo.framework */ = {isa = PBXFileReference; explicitFileType = wrapper.framework; includeInIndex = 0; path = Pods_MVVM_C_Demo.framework; sourceTree = BUILT_PRODUCTS_DIR; };
		D000FD272AF120C700ACA190 /* AuthCoordinator.swift */ = {isa = PBXFileReference; lastKnownFileType = sourcecode.swift; path = AuthCoordinator.swift; sourceTree = "<group>"; };
		D05D34C42AEE614400E53340 /* MVVM+C Demo.app */ = {isa = PBXFileReference; explicitFileType = wrapper.application; includeInIndex = 0; path = "MVVM+C Demo.app"; sourceTree = BUILT_PRODUCTS_DIR; };
		D05D34C72AEE614400E53340 /* AppDelegate.swift */ = {isa = PBXFileReference; lastKnownFileType = sourcecode.swift; path = AppDelegate.swift; sourceTree = "<group>"; };
		D05D34CB2AEE614400E53340 /* WelcomeViewController.swift */ = {isa = PBXFileReference; lastKnownFileType = sourcecode.swift; path = WelcomeViewController.swift; sourceTree = "<group>"; };
		D05D34D02AEE614500E53340 /* Assets.xcassets */ = {isa = PBXFileReference; lastKnownFileType = folder.assetcatalog; path = Assets.xcassets; sourceTree = "<group>"; };
		D05D34D32AEE614500E53340 /* Base */ = {isa = PBXFileReference; lastKnownFileType = file.storyboard; name = Base; path = Base.lproj/LaunchScreen.storyboard; sourceTree = "<group>"; };
		D05D34D52AEE614500E53340 /* Info.plist */ = {isa = PBXFileReference; lastKnownFileType = text.plist.xml; path = Info.plist; sourceTree = "<group>"; };
		D0D844B22AEEBF9800D7DB69 /* User.swift */ = {isa = PBXFileReference; lastKnownFileType = sourcecode.swift; path = User.swift; sourceTree = "<group>"; };
		D0D844B42AEEC30700D7DB69 /* Bindable.swift */ = {isa = PBXFileReference; lastKnownFileType = sourcecode.swift; path = Bindable.swift; sourceTree = "<group>"; };
		D0D844B72AEEC3B600D7DB69 /* LoginViewModel.swift */ = {isa = PBXFileReference; lastKnownFileType = sourcecode.swift; path = LoginViewModel.swift; sourceTree = "<group>"; };
		D0D844B92AEEC59D00D7DB69 /* LoginViewController.swift */ = {isa = PBXFileReference; lastKnownFileType = sourcecode.swift; path = LoginViewController.swift; sourceTree = "<group>"; };
		D0D844BC2AEEC63900D7DB69 /* CustomTextField.swift */ = {isa = PBXFileReference; lastKnownFileType = sourcecode.swift; path = CustomTextField.swift; sourceTree = "<group>"; };
		D0D844BE2AEF7A1F00D7DB69 /* MainViewController.swift */ = {isa = PBXFileReference; lastKnownFileType = sourcecode.swift; path = MainViewController.swift; sourceTree = "<group>"; };
		D0D844C22AEF7ED200D7DB69 /* Coordinator.swift */ = {isa = PBXFileReference; lastKnownFileType = sourcecode.swift; path = Coordinator.swift; sourceTree = "<group>"; };
		D0D844C42AEF7F9900D7DB69 /* AppCoordinator.swift */ = {isa = PBXFileReference; lastKnownFileType = sourcecode.swift; path = AppCoordinator.swift; sourceTree = "<group>"; };
		D0D844C72AEF860300D7DB69 /* WelcomeViewModel.swift */ = {isa = PBXFileReference; lastKnownFileType = sourcecode.swift; path = WelcomeViewModel.swift; sourceTree = "<group>"; };
		D0D844C92AEFA38300D7DB69 /* MainViewModel.swift */ = {isa = PBXFileReference; lastKnownFileType = sourcecode.swift; path = MainViewModel.swift; sourceTree = "<group>"; };
/* End PBXFileReference section */

/* Begin PBXFrameworksBuildPhase section */
		D05D34C12AEE614400E53340 /* Frameworks */ = {
			isa = PBXFrameworksBuildPhase;
			buildActionMask = 2147483647;
			files = (
				50EE823A85FC7581717FB744 /* Pods_MVVM_C_Demo.framework in Frameworks */,
			);
			runOnlyForDeploymentPostprocessing = 0;
		};
/* End PBXFrameworksBuildPhase section */

/* Begin PBXGroup section */
		379F3BC4FADA4772448AB7F3 /* Frameworks */ = {
			isa = PBXGroup;
			children = (
				BD55E46329DEEF67152F49F7 /* Pods_MVVM_C_Demo.framework */,
			);
			name = Frameworks;
			sourceTree = "<group>";
		};
		D01497092AEEA20800D79487 /* ViewModels */ = {
			isa = PBXGroup;
			children = (
				D0D844B62AEEC36E00D7DB69 /* Bindings */,
				D0D844B72AEEC3B600D7DB69 /* LoginViewModel.swift */,
				D0D844C72AEF860300D7DB69 /* WelcomeViewModel.swift */,
				D0D844C92AEFA38300D7DB69 /* MainViewModel.swift */,
			);
			path = ViewModels;
			sourceTree = "<group>";
		};
		D014970A2AEEA21F00D79487 /* Controllers */ = {
			isa = PBXGroup;
			children = (
				D05D34CB2AEE614400E53340 /* WelcomeViewController.swift */,
				D0D844B92AEEC59D00D7DB69 /* LoginViewController.swift */,
				D0D844BE2AEF7A1F00D7DB69 /* MainViewController.swift */,
			);
			path = Controllers;
			sourceTree = "<group>";
		};
		D014970B2AEEA22600D79487 /* Models */ = {
			isa = PBXGroup;
			children = (
				D0D844B22AEEBF9800D7DB69 /* User.swift */,
			);
			path = Models;
			sourceTree = "<group>";
		};
		D014970C2AEEA22B00D79487 /* Other */ = {
			isa = PBXGroup;
			children = (
				D05D34C72AEE614400E53340 /* AppDelegate.swift */,
				D05D34D02AEE614500E53340 /* Assets.xcassets */,
				D05D34D22AEE614500E53340 /* LaunchScreen.storyboard */,
			);
			path = Other;
			sourceTree = "<group>";
		};
		D05D34BB2AEE614400E53340 = {
			isa = PBXGroup;
			children = (
				D05D34C62AEE614400E53340 /* MVVM+C Demo */,
				D05D34C52AEE614400E53340 /* Products */,
				EC28DB961D2B9FC485805504 /* Pods */,
				379F3BC4FADA4772448AB7F3 /* Frameworks */,
			);
			sourceTree = "<group>";
		};
		D05D34C52AEE614400E53340 /* Products */ = {
			isa = PBXGroup;
			children = (
				D05D34C42AEE614400E53340 /* MVVM+C Demo.app */,
			);
			name = Products;
			sourceTree = "<group>";
		};
		D05D34C62AEE614400E53340 /* MVVM+C Demo */ = {
			isa = PBXGroup;
			children = (
				D0D844C02AEF7EA000D7DB69 /* Coordinators */,
				D0D844BB2AEEC60900D7DB69 /* Views */,
				D014970B2AEEA22600D79487 /* Models */,
				D014970A2AEEA21F00D79487 /* Controllers */,
				D01497092AEEA20800D79487 /* ViewModels */,
				D014970C2AEEA22B00D79487 /* Other */,
				D05D34D52AEE614500E53340 /* Info.plist */,
			);
			path = "MVVM+C Demo";
			sourceTree = "<group>";
		};
		D0D844B62AEEC36E00D7DB69 /* Bindings */ = {
			isa = PBXGroup;
			children = (
				D0D844B42AEEC30700D7DB69 /* Bindable.swift */,
			);
			path = Bindings;
			sourceTree = "<group>";
		};
		D0D844BB2AEEC60900D7DB69 /* Views */ = {
			isa = PBXGroup;
			children = (
				D0D844BC2AEEC63900D7DB69 /* CustomTextField.swift */,
			);
			path = Views;
			sourceTree = "<group>";
		};
		D0D844C02AEF7EA000D7DB69 /* Coordinators */ = {
			isa = PBXGroup;
			children = (
				D0D844C12AEF7EB200D7DB69 /* Protocols */,
				D0D844C42AEF7F9900D7DB69 /* AppCoordinator.swift */,
				D000FD272AF120C700ACA190 /* AuthCoordinator.swift */,
			);
			path = Coordinators;
			sourceTree = "<group>";
		};
		D0D844C12AEF7EB200D7DB69 /* Protocols */ = {
			isa = PBXGroup;
			children = (
				D0D844C22AEF7ED200D7DB69 /* Coordinator.swift */,
			);
			path = Protocols;
			sourceTree = "<group>";
		};
		EC28DB961D2B9FC485805504 /* Pods */ = {
			isa = PBXGroup;
			children = (
				13AE32C22B193A073BE76876 /* Pods-MVVM+C Demo.debug.xcconfig */,
				731395491FC7388E040E1CF6 /* Pods-MVVM+C Demo.release.xcconfig */,
			);
			path = Pods;
			sourceTree = "<group>";
		};
/* End PBXGroup section */

/* Begin PBXNativeTarget section */
		D05D34C32AEE614400E53340 /* MVVM+C Demo */ = {
			isa = PBXNativeTarget;
			buildConfigurationList = D05D34D82AEE614500E53340 /* Build configuration list for PBXNativeTarget "MVVM+C Demo" */;
			buildPhases = (
				B37FB2F0B38048AC4A6DD6D3 /* [CP] Check Pods Manifest.lock */,
				D05D34C02AEE614400E53340 /* Sources */,
				D05D34C12AEE614400E53340 /* Frameworks */,
				D05D34C22AEE614400E53340 /* Resources */,
				6B36A2365B49B3ADF2CEFAA4 /* [CP] Embed Pods Frameworks */,
			);
			buildRules = (
			);
			dependencies = (
			);
			name = "MVVM+C Demo";
			productName = "MVVM+C Demo";
			productReference = D05D34C42AEE614400E53340 /* MVVM+C Demo.app */;
			productType = "com.apple.product-type.application";
		};
/* End PBXNativeTarget section */

/* Begin PBXProject section */
		D05D34BC2AEE614400E53340 /* Project object */ = {
			isa = PBXProject;
			attributes = {
				BuildIndependentTargetsInParallel = 1;
				LastSwiftUpdateCheck = 1500;
				LastUpgradeCheck = 1500;
				TargetAttributes = {
					D05D34C32AEE614400E53340 = {
						CreatedOnToolsVersion = 15.0.1;
					};
				};
			};
			buildConfigurationList = D05D34BF2AEE614400E53340 /* Build configuration list for PBXProject "MVVM+C Demo" */;
			compatibilityVersion = "Xcode 14.0";
			developmentRegion = en;
			hasScannedForEncodings = 0;
			knownRegions = (
				en,
				Base,
			);
			mainGroup = D05D34BB2AEE614400E53340;
			productRefGroup = D05D34C52AEE614400E53340 /* Products */;
			projectDirPath = "";
			projectRoot = "";
			targets = (
				D05D34C32AEE614400E53340 /* MVVM+C Demo */,
			);
		};
/* End PBXProject section */

/* Begin PBXResourcesBuildPhase section */
		D05D34C22AEE614400E53340 /* Resources */ = {
			isa = PBXResourcesBuildPhase;
			buildActionMask = 2147483647;
			files = (
				D05D34D42AEE614500E53340 /* LaunchScreen.storyboard in Resources */,
				D05D34D12AEE614500E53340 /* Assets.xcassets in Resources */,
			);
			runOnlyForDeploymentPostprocessing = 0;
		};
/* End PBXResourcesBuildPhase section */

/* Begin PBXShellScriptBuildPhase section */
		6B36A2365B49B3ADF2CEFAA4 /* [CP] Embed Pods Frameworks */ = {
			isa = PBXShellScriptBuildPhase;
			buildActionMask = 2147483647;
			files = (
			);
			inputFileListPaths = (
				"${PODS_ROOT}/Target Support Files/Pods-MVVM+C Demo/Pods-MVVM+C Demo-frameworks-${CONFIGURATION}-input-files.xcfilelist",
			);
			name = "[CP] Embed Pods Frameworks";
			outputFileListPaths = (
				"${PODS_ROOT}/Target Support Files/Pods-MVVM+C Demo/Pods-MVVM+C Demo-frameworks-${CONFIGURATION}-output-files.xcfilelist",
			);
			runOnlyForDeploymentPostprocessing = 0;
			shellPath = /bin/sh;
			shellScript = "\"${PODS_ROOT}/Target Support Files/Pods-MVVM+C Demo/Pods-MVVM+C Demo-frameworks.sh\"\n";
			showEnvVarsInLog = 0;
		};
		B37FB2F0B38048AC4A6DD6D3 /* [CP] Check Pods Manifest.lock */ = {
			isa = PBXShellScriptBuildPhase;
			buildActionMask = 2147483647;
			files = (
			);
			inputFileListPaths = (
			);
			inputPaths = (
				"${PODS_PODFILE_DIR_PATH}/Podfile.lock",
				"${PODS_ROOT}/Manifest.lock",
			);
			name = "[CP] Check Pods Manifest.lock";
			outputFileListPaths = (
			);
			outputPaths = (
				"$(DERIVED_FILE_DIR)/Pods-MVVM+C Demo-checkManifestLockResult.txt",
			);
			runOnlyForDeploymentPostprocessing = 0;
			shellPath = /bin/sh;
			shellScript = "diff \"${PODS_PODFILE_DIR_PATH}/Podfile.lock\" \"${PODS_ROOT}/Manifest.lock\" > /dev/null\nif [ $? != 0 ] ; then\n    # print error to STDERR\n    echo \"error: The sandbox is not in sync with the Podfile.lock. Run 'pod install' or update your CocoaPods installation.\" >&2\n    exit 1\nfi\n# This output is used by Xcode 'outputs' to avoid re-running this script phase.\necho \"SUCCESS\" > \"${SCRIPT_OUTPUT_FILE_0}\"\n";
			showEnvVarsInLog = 0;
		};
/* End PBXShellScriptBuildPhase section */

/* Begin PBXSourcesBuildPhase section */
		D05D34C02AEE614400E53340 /* Sources */ = {
			isa = PBXSourcesBuildPhase;
			buildActionMask = 2147483647;
			files = (
				D0D844BA2AEEC59D00D7DB69 /* LoginViewController.swift in Sources */,
				D000FD282AF120C700ACA190 /* AuthCoordinator.swift in Sources */,
				D0D844B52AEEC30700D7DB69 /* Bindable.swift in Sources */,
				D0D844C52AEF7F9900D7DB69 /* AppCoordinator.swift in Sources */,
				D0D844B32AEEBF9800D7DB69 /* User.swift in Sources */,
				D05D34CC2AEE614400E53340 /* WelcomeViewController.swift in Sources */,
				D0D844BD2AEEC63900D7DB69 /* CustomTextField.swift in Sources */,
				D0D844C82AEF860300D7DB69 /* WelcomeViewModel.swift in Sources */,
				D05D34C82AEE614400E53340 /* AppDelegate.swift in Sources */,
				D0D844BF2AEF7A1F00D7DB69 /* MainViewController.swift in Sources */,
				D0D844B82AEEC3B600D7DB69 /* LoginViewModel.swift in Sources */,
				D0D844C32AEF7ED200D7DB69 /* Coordinator.swift in Sources */,
				D0D844CA2AEFA38300D7DB69 /* MainViewModel.swift in Sources */,
			);
			runOnlyForDeploymentPostprocessing = 0;
		};
/* End PBXSourcesBuildPhase section */

/* Begin PBXVariantGroup section */
		D05D34D22AEE614500E53340 /* LaunchScreen.storyboard */ = {
			isa = PBXVariantGroup;
			children = (
				D05D34D32AEE614500E53340 /* Base */,
			);
			name = LaunchScreen.storyboard;
			sourceTree = "<group>";
		};
/* End PBXVariantGroup section */

/* Begin XCBuildConfiguration section */
		D05D34D62AEE614500E53340 /* Debug */ = {
			isa = XCBuildConfiguration;
			buildSettings = {
				ALWAYS_SEARCH_USER_PATHS = NO;
				ASSETCATALOG_COMPILER_GENERATE_SWIFT_ASSET_SYMBOL_EXTENSIONS = YES;
				CLANG_ANALYZER_NONNULL = YES;
				CLANG_ANALYZER_NUMBER_OBJECT_CONVERSION = YES_AGGRESSIVE;
				CLANG_CXX_LANGUAGE_STANDARD = "gnu++20";
				CLANG_ENABLE_MODULES = YES;
				CLANG_ENABLE_OBJC_ARC = YES;
				CLANG_ENABLE_OBJC_WEAK = YES;
				CLANG_WARN_BLOCK_CAPTURE_AUTORELEASING = YES;
				CLANG_WARN_BOOL_CONVERSION = YES;
				CLANG_WARN_COMMA = YES;
				CLANG_WARN_CONSTANT_CONVERSION = YES;
				CLANG_WARN_DEPRECATED_OBJC_IMPLEMENTATIONS = YES;
				CLANG_WARN_DIRECT_OBJC_ISA_USAGE = YES_ERROR;
				CLANG_WARN_DOCUMENTATION_COMMENTS = YES;
				CLANG_WARN_EMPTY_BODY = YES;
				CLANG_WARN_ENUM_CONVERSION = YES;
				CLANG_WARN_INFINITE_RECURSION = YES;
				CLANG_WARN_INT_CONVERSION = YES;
				CLANG_WARN_NON_LITERAL_NULL_CONVERSION = YES;
				CLANG_WARN_OBJC_IMPLICIT_RETAIN_SELF = YES;
				CLANG_WARN_OBJC_LITERAL_CONVERSION = YES;
				CLANG_WARN_OBJC_ROOT_CLASS = YES_ERROR;
				CLANG_WARN_QUOTED_INCLUDE_IN_FRAMEWORK_HEADER = YES;
				CLANG_WARN_RANGE_LOOP_ANALYSIS = YES;
				CLANG_WARN_STRICT_PROTOTYPES = YES;
				CLANG_WARN_SUSPICIOUS_MOVE = YES;
				CLANG_WARN_UNGUARDED_AVAILABILITY = YES_AGGRESSIVE;
				CLANG_WARN_UNREACHABLE_CODE = YES;
				CLANG_WARN__DUPLICATE_METHOD_MATCH = YES;
				COPY_PHASE_STRIP = NO;
				DEBUG_INFORMATION_FORMAT = dwarf;
				ENABLE_STRICT_OBJC_MSGSEND = YES;
				ENABLE_TESTABILITY = YES;
				ENABLE_USER_SCRIPT_SANDBOXING = NO;
				GCC_C_LANGUAGE_STANDARD = gnu17;
				GCC_DYNAMIC_NO_PIC = NO;
				GCC_NO_COMMON_BLOCKS = YES;
				GCC_OPTIMIZATION_LEVEL = 0;
				GCC_PREPROCESSOR_DEFINITIONS = (
					"DEBUG=1",
					"$(inherited)",
				);
				GCC_WARN_64_TO_32_BIT_CONVERSION = YES;
				GCC_WARN_ABOUT_RETURN_TYPE = YES_ERROR;
				GCC_WARN_UNDECLARED_SELECTOR = YES;
				GCC_WARN_UNINITIALIZED_AUTOS = YES_AGGRESSIVE;
				GCC_WARN_UNUSED_FUNCTION = YES;
				GCC_WARN_UNUSED_VARIABLE = YES;
				IPHONEOS_DEPLOYMENT_TARGET = 16.4;
				LOCALIZATION_PREFERS_STRING_CATALOGS = YES;
				MTL_ENABLE_DEBUG_INFO = INCLUDE_SOURCE;
				MTL_FAST_MATH = YES;
				ONLY_ACTIVE_ARCH = YES;
				SDKROOT = iphoneos;
				SWIFT_ACTIVE_COMPILATION_CONDITIONS = "DEBUG $(inherited)";
				SWIFT_OPTIMIZATION_LEVEL = "-Onone";
			};
			name = Debug;
		};
		D05D34D72AEE614500E53340 /* Release */ = {
			isa = XCBuildConfiguration;
			buildSettings = {
				ALWAYS_SEARCH_USER_PATHS = NO;
				ASSETCATALOG_COMPILER_GENERATE_SWIFT_ASSET_SYMBOL_EXTENSIONS = YES;
				CLANG_ANALYZER_NONNULL = YES;
				CLANG_ANALYZER_NUMBER_OBJECT_CONVERSION = YES_AGGRESSIVE;
				CLANG_CXX_LANGUAGE_STANDARD = "gnu++20";
				CLANG_ENABLE_MODULES = YES;
				CLANG_ENABLE_OBJC_ARC = YES;
				CLANG_ENABLE_OBJC_WEAK = YES;
				CLANG_WARN_BLOCK_CAPTURE_AUTORELEASING = YES;
				CLANG_WARN_BOOL_CONVERSION = YES;
				CLANG_WARN_COMMA = YES;
				CLANG_WARN_CONSTANT_CONVERSION = YES;
				CLANG_WARN_DEPRECATED_OBJC_IMPLEMENTATIONS = YES;
				CLANG_WARN_DIRECT_OBJC_ISA_USAGE = YES_ERROR;
				CLANG_WARN_DOCUMENTATION_COMMENTS = YES;
				CLANG_WARN_EMPTY_BODY = YES;
				CLANG_WARN_ENUM_CONVERSION = YES;
				CLANG_WARN_INFINITE_RECURSION = YES;
				CLANG_WARN_INT_CONVERSION = YES;
				CLANG_WARN_NON_LITERAL_NULL_CONVERSION = YES;
				CLANG_WARN_OBJC_IMPLICIT_RETAIN_SELF = YES;
				CLANG_WARN_OBJC_LITERAL_CONVERSION = YES;
				CLANG_WARN_OBJC_ROOT_CLASS = YES_ERROR;
				CLANG_WARN_QUOTED_INCLUDE_IN_FRAMEWORK_HEADER = YES;
				CLANG_WARN_RANGE_LOOP_ANALYSIS = YES;
				CLANG_WARN_STRICT_PROTOTYPES = YES;
				CLANG_WARN_SUSPICIOUS_MOVE = YES;
				CLANG_WARN_UNGUARDED_AVAILABILITY = YES_AGGRESSIVE;
				CLANG_WARN_UNREACHABLE_CODE = YES;
				CLANG_WARN__DUPLICATE_METHOD_MATCH = YES;
				COPY_PHASE_STRIP = NO;
				DEBUG_INFORMATION_FORMAT = "dwarf-with-dsym";
				ENABLE_NS_ASSERTIONS = NO;
				ENABLE_STRICT_OBJC_MSGSEND = YES;
				ENABLE_USER_SCRIPT_SANDBOXING = NO;
				GCC_C_LANGUAGE_STANDARD = gnu17;
				GCC_NO_COMMON_BLOCKS = YES;
				GCC_WARN_64_TO_32_BIT_CONVERSION = YES;
				GCC_WARN_ABOUT_RETURN_TYPE = YES_ERROR;
				GCC_WARN_UNDECLARED_SELECTOR = YES;
				GCC_WARN_UNINITIALIZED_AUTOS = YES_AGGRESSIVE;
				GCC_WARN_UNUSED_FUNCTION = YES;
				GCC_WARN_UNUSED_VARIABLE = YES;
				IPHONEOS_DEPLOYMENT_TARGET = 16.4;
				LOCALIZATION_PREFERS_STRING_CATALOGS = YES;
				MTL_ENABLE_DEBUG_INFO = NO;
				MTL_FAST_MATH = YES;
				SDKROOT = iphoneos;
				SWIFT_COMPILATION_MODE = wholemodule;
				VALIDATE_PRODUCT = YES;
			};
			name = Release;
		};
		D05D34D92AEE614500E53340 /* Debug */ = {
			isa = XCBuildConfiguration;
			baseConfigurationReference = 13AE32C22B193A073BE76876 /* Pods-MVVM+C Demo.debug.xcconfig */;
			buildSettings = {
				ASSETCATALOG_COMPILER_APPICON_NAME = AppIcon;
				ASSETCATALOG_COMPILER_GLOBAL_ACCENT_COLOR_NAME = AccentColor;
				CODE_SIGN_STYLE = Automatic;
				CURRENT_PROJECT_VERSION = 1;
				DEVELOPMENT_TEAM = GHRWK526R5;
				GENERATE_INFOPLIST_FILE = YES;
				INFOPLIST_FILE = "MVVM+C Demo/Info.plist";
				INFOPLIST_KEY_UIApplicationSupportsIndirectInputEvents = YES;
				INFOPLIST_KEY_UILaunchStoryboardName = LaunchScreen;
				INFOPLIST_KEY_UISupportedInterfaceOrientations = UIInterfaceOrientationPortrait;
				INFOPLIST_KEY_UISupportedInterfaceOrientations_iPad = "UIInterfaceOrientationLandscapeLeft UIInterfaceOrientationLandscapeRight UIInterfaceOrientationPortrait UIInterfaceOrientationPortraitUpsideDown";
				IPHONEOS_DEPLOYMENT_TARGET = 16.4;
				LD_RUNPATH_SEARCH_PATHS = (
					"$(inherited)",
					"@executable_path/Frameworks",
				);
				MARKETING_VERSION = 1.0;
				PRODUCT_BUNDLE_IDENTIFIER = "DmitryGorbunow.MVVM-C-Demo";
				PRODUCT_NAME = "$(TARGET_NAME)";
				SUPPORTED_PLATFORMS = "iphoneos iphonesimulator";
				SUPPORTS_MACCATALYST = NO;
				SUPPORTS_MAC_DESIGNED_FOR_IPHONE_IPAD = NO;
				SWIFT_EMIT_LOC_STRINGS = YES;
				SWIFT_VERSION = 5.0;
				TARGETED_DEVICE_FAMILY = 1;
			};
			name = Debug;
		};
		D05D34DA2AEE614500E53340 /* Release */ = {
			isa = XCBuildConfiguration;
			baseConfigurationReference = 731395491FC7388E040E1CF6 /* Pods-MVVM+C Demo.release.xcconfig */;
			buildSettings = {
				ASSETCATALOG_COMPILER_APPICON_NAME = AppIcon;
				ASSETCATALOG_COMPILER_GLOBAL_ACCENT_COLOR_NAME = AccentColor;
				CODE_SIGN_STYLE = Automatic;
				CURRENT_PROJECT_VERSION = 1;
				DEVELOPMENT_TEAM = GHRWK526R5;
				GENERATE_INFOPLIST_FILE = YES;
				INFOPLIST_FILE = "MVVM+C Demo/Info.plist";
				INFOPLIST_KEY_UIApplicationSupportsIndirectInputEvents = YES;
				INFOPLIST_KEY_UILaunchStoryboardName = LaunchScreen;
				INFOPLIST_KEY_UISupportedInterfaceOrientations = UIInterfaceOrientationPortrait;
				INFOPLIST_KEY_UISupportedInterfaceOrientations_iPad = "UIInterfaceOrientationLandscapeLeft UIInterfaceOrientationLandscapeRight UIInterfaceOrientationPortrait UIInterfaceOrientationPortraitUpsideDown";
				IPHONEOS_DEPLOYMENT_TARGET = 16.4;
				LD_RUNPATH_SEARCH_PATHS = (
					"$(inherited)",
					"@executable_path/Frameworks",
				);
				MARKETING_VERSION = 1.0;
				PRODUCT_BUNDLE_IDENTIFIER = "DmitryGorbunow.MVVM-C-Demo";
				PRODUCT_NAME = "$(TARGET_NAME)";
				SUPPORTED_PLATFORMS = "iphoneos iphonesimulator";
				SUPPORTS_MACCATALYST = NO;
				SUPPORTS_MAC_DESIGNED_FOR_IPHONE_IPAD = NO;
				SWIFT_EMIT_LOC_STRINGS = YES;
				SWIFT_VERSION = 5.0;
				TARGETED_DEVICE_FAMILY = 1;
			};
			name = Release;
		};
/* End XCBuildConfiguration section */

/* Begin XCConfigurationList section */
		D05D34BF2AEE614400E53340 /* Build configuration list for PBXProject "MVVM+C Demo" */ = {
			isa = XCConfigurationList;
			buildConfigurations = (
				D05D34D62AEE614500E53340 /* Debug */,
				D05D34D72AEE614500E53340 /* Release */,
			);
			defaultConfigurationIsVisible = 0;
			defaultConfigurationName = Release;
		};
		D05D34D82AEE614500E53340 /* Build configuration list for PBXNativeTarget "MVVM+C Demo" */ = {
			isa = XCConfigurationList;
			buildConfigurations = (
				D05D34D92AEE614500E53340 /* Debug */,
				D05D34DA2AEE614500E53340 /* Release */,
			);
			defaultConfigurationIsVisible = 0;
			defaultConfigurationName = Release;
		};
/* End XCConfigurationList section */
	};
	rootObject = D05D34BC2AEE614400E53340 /* Project object */;
}
